
Microsoft Visual Studio Solution File, Format Version 12.00
# Visual Studio Version 17
VisualStudioVersion = 17.14.36408.4 d17.14
MinimumVisualStudioVersion = 10.0.40219.1
Project("{FAE04EC0-301F-11D3-BF4B-00C04F79EFBC}") = "UsersApp", "UsersApp\UsersApp.csproj", "{7402F04A-2CB8-47C0-9D29-212335E560DC}"
EndProject
Global
	GlobalSection(SolutionConfigurationPlatforms) = preSolution
		Debug|Any CPU = Debug|Any CPU
		Release|Any CPU = Release|Any CPU
	EndGlobalSection
	GlobalSection(ProjectConfigurationPlatforms) = postSolution
		{7402F04A-2CB8-47C0-9D29-212335E560DC}.Debug|Any CPU.ActiveCfg = Debug|Any CPU
		{7402F04A-2CB8-47C0-9D29-212335E560DC}.Debug|Any CPU.Build.0 = Debug|Any CPU
		{7402F04A-2CB8-47C0-9D29-212335E560DC}.Release|Any CPU.ActiveCfg = Release|Any CPU
		{7402F04A-2CB8-47C0-9D29-212335E560DC}.Release|Any CPU.Build.0 = Release|Any CPU
	EndGlobalSection
	GlobalSection(SolutionProperties) = preSolution
		HideSolutionNode = FALSE
	EndGlobalSection
	GlobalSection(ExtensibilityGlobals) = postSolution
		SolutionGuid = {AEC860B2-E9EC-44A6-BF7F-AC1E9EB56F4D}
	EndGlobalSection
EndGlobal
